<?xml version="1.0" encoding="utf-8"?>
<Project ToolsVersion="4.0" xmlns="http://schemas.microsoft.com/developer/msbuild/2003">
  <ItemGroup>
    <Filter Include="00.MainGame">
      <UniqueIdentifier>{9aa1904a-fe0b-49c4-aeaa-d8eca20b377a}</UniqueIdentifier>
    </Filter>
    <Filter Include="01.GameObject">
      <UniqueIdentifier>{409bc739-4d46-4f1d-991e-172a0ca7d7ad}</UniqueIdentifier>
    </Filter>
    <Filter Include="02.Player">
      <UniqueIdentifier>{9c7dde00-2c92-4b5e-be85-e57de662cf5a}</UniqueIdentifier>
    </Filter>
    <Filter Include="03.Monster">
      <UniqueIdentifier>{7f2db4db-4ac3-4222-b08f-d3d4baffb937}</UniqueIdentifier>
    </Filter>
    <Filter Include="04.Effect">
      <UniqueIdentifier>{0e1aec0c-f651-44d6-9c3b-a8323d3ee09b}</UniqueIdentifier>
    </Filter>
    <Filter Include="05.Scene">
      <UniqueIdentifier>{1ddbf010-6852-473c-ab16-bf279bb015d7}</UniqueIdentifier>
    </Filter>
    <Filter Include="06.UI">
      <UniqueIdentifier>{b95501c4-64e8-47a1-bce9-1b09cda0a503}</UniqueIdentifier>
    </Filter>
    <Filter Include="97.Manager">
      <UniqueIdentifier>{f5ebd8f4-5a64-45a7-a651-2505e5b52e4d}</UniqueIdentifier>
    </Filter>
    <Filter Include="98.Header">
      <UniqueIdentifier>{0f214180-06c6-439d-95d7-b0c3ab1e5c75}</UniqueIdentifier>
    </Filter>
    <Filter Include="99.Defaults">
      <UniqueIdentifier>{95dea1e7-5a9d-4faa-a0bc-2101bb3797c7}</UniqueIdentifier>
    </Filter>
    <Filter Include="99.Defaults\리소스 파일">
      <UniqueIdentifier>{67DA6AB6-F800-4c08-8B7A-83BB121AAD01}</UniqueIdentifier>
      <Extensions>rc;ico;cur;bmp;dlg;rc2;rct;bin;rgs;gif;jpg;jpeg;jpe;resx;tiff;tif;png;wav;mfcribbon-ms</Extensions>
    </Filter>
    <Filter Include="97.Manager\00.GameManager">
      <UniqueIdentifier>{78a6f10c-688c-45c9-9daa-31679fdd0775}</UniqueIdentifier>
    </Filter>
    <Filter Include="97.Manager\01.KeyManager">
      <UniqueIdentifier>{800d9a72-5238-47eb-89bd-48fe8b3600f3}</UniqueIdentifier>
    </Filter>
    <Filter Include="97.Manager\02.SceneManager">
      <UniqueIdentifier>{4af86c0c-f419-4c7c-9bee-2add7dbed2ce}</UniqueIdentifier>
    </Filter>
    <Filter Include="97.Manager\03.BmpManager">
      <UniqueIdentifier>{21fe0126-6f31-4b95-ba7d-73b801eb6bdd}</UniqueIdentifier>
    </Filter>
    <Filter Include="97.Manager\04.SoundManager">
      <UniqueIdentifier>{2f80b7ad-3e88-4e55-a4f6-72e133bffc5c}</UniqueIdentifier>
    </Filter>
    <Filter Include="97.Manager\99.Singleton">
      <UniqueIdentifier>{aea24912-cc33-4caf-ae9f-5845bc14069d}</UniqueIdentifier>
    </Filter>
    <Filter Include="97.Manager\03.BmpManager\00.MyBmp">
      <UniqueIdentifier>{2fcdfdfc-9d9b-447c-bbcf-f7f5cd554e88}</UniqueIdentifier>
    </Filter>
    <Filter Include="05.Scene\00.Title">
      <UniqueIdentifier>{4341845a-c7b4-4213-83c4-09b7b093a863}</UniqueIdentifier>
    </Filter>
    <Filter Include="05.Scene\99.Loading">
      <UniqueIdentifier>{f3b14746-8111-4a12-a59a-be54b643e786}</UniqueIdentifier>
    </Filter>
    <Filter Include="05.Scene\01.Menu">
      <UniqueIdentifier>{67026d55-1e4b-49a8-b7f2-0c1ed91288b9}</UniqueIdentifier>
    </Filter>
    <Filter Include="05.Scene\02.PlayerSelect">
      <UniqueIdentifier>{87f911ef-962e-43e0-87b3-90e1ef8ba1c2}</UniqueIdentifier>
    </Filter>
    <Filter Include="05.Scene\03.Lobby">
      <UniqueIdentifier>{5719baa1-b38f-46cc-bb10-fab51d8e6e8b}</UniqueIdentifier>
    </Filter>
    <Filter Include="06.UI\00.Text">
      <UniqueIdentifier>{62c30054-9382-484f-9974-c2b547c2a965}</UniqueIdentifier>
    </Filter>
    <Filter Include="06.UI\00.Text\00.MenuText">
      <UniqueIdentifier>{236ed5c4-de6a-4297-b92b-7129859191bc}</UniqueIdentifier>
    </Filter>
    <Filter Include="06.UI\00.Text\01.MenuUnder">
      <UniqueIdentifier>{77a5b53b-f0c2-47ad-b334-a07b8a8669b4}</UniqueIdentifier>
    </Filter>
    <Filter Include="06.UI\00.Text\02.PSText">
      <UniqueIdentifier>{5e40fcd8-566d-4ac1-a3f6-cf706208d0e7}</UniqueIdentifier>
    </Filter>
    <Filter Include="06.UI\01.IMAGE">
      <UniqueIdentifier>{aacfd598-19de-48e3-a568-b9d7b14a60e3}</UniqueIdentifier>
    </Filter>
    <Filter Include="06.UI\01.IMAGE\00.PS_X">
      <UniqueIdentifier>{327cd3de-c9c0-423c-96a6-b9bac35e6b75}</UniqueIdentifier>
    </Filter>
    <Filter Include="06.UI\01.IMAGE\01.PS_ZERO">
      <UniqueIdentifier>{53303d81-26a8-4ef5-9d1b-07fb2e9302ac}</UniqueIdentifier>
    </Filter>
    <Filter Include="06.UI\01.IMAGE\02.PS_Cursor">
      <UniqueIdentifier>{a88627c7-397e-4013-b871-ab5ea0d6d921}</UniqueIdentifier>
    </Filter>
    <Filter Include="05.Scene\04.Stage1_1">
      <UniqueIdentifier>{2460f7bd-bfaa-45fb-8001-29200c2e454a}</UniqueIdentifier>
    </Filter>
    <Filter Include="05.Scene\05.Stage1_2">
      <UniqueIdentifier>{18aad8f3-1132-416f-92c8-d0d8d6de572d}</UniqueIdentifier>
    </Filter>
    <Filter Include="06.UI\01.IMAGE\04.LB_X">
      <UniqueIdentifier>{6bc867c3-241d-470a-9c21-c77b2483b6e8}</UniqueIdentifier>
    </Filter>
    <Filter Include="06.UI\01.IMAGE\03.PS_SmallX">
      <UniqueIdentifier>{884a4f77-4aaf-450b-9c19-26f61b4da2f3}</UniqueIdentifier>
    </Filter>
    <Filter Include="06.UI\00.Text\03.LBText">
      <UniqueIdentifier>{9a3a2029-747a-4f55-80e0-2f7efbf22c25}</UniqueIdentifier>
    </Filter>
    <Filter Include="97.Manager\05.TileManager">
      <UniqueIdentifier>{74e7e4b2-1e5c-4188-931c-49dbd0319258}</UniqueIdentifier>
    </Filter>
    <Filter Include="01.GameObject\00.MapObj">
      <UniqueIdentifier>{834b3af4-1487-49d8-8a67-4b49caba6f9c}</UniqueIdentifier>
    </Filter>
    <Filter Include="03.Monster\00.Normal">
      <UniqueIdentifier>{4dadd94d-69c0-4205-b0d9-bb2cceef4d82}</UniqueIdentifier>
    </Filter>
    <Filter Include="03.Monster\00.Normal\00.SpikeMarl">
      <UniqueIdentifier>{9f35aa2c-c196-4a2f-9eb7-8d09a66e1cef}</UniqueIdentifier>
    </Filter>
    <Filter Include="03.Monster\00.Normal\01.KnotBeret1">
      <UniqueIdentifier>{d3015e61-459d-4096-8e5a-28388381d89c}</UniqueIdentifier>
    </Filter>
    <Filter Include="03.Monster\00.Normal\02.KnotBeret2">
      <UniqueIdentifier>{920dd29e-b9a7-46d4-bcdd-8da0d139a754}</UniqueIdentifier>
    </Filter>
    <Filter Include="03.Monster\00.Normal\03.MadBull">
      <UniqueIdentifier>{ec0a1940-422d-4ae8-87ff-e8df11a586bf}</UniqueIdentifier>
    </Filter>
    <Filter Include="03.Monster\01.Boss">
      <UniqueIdentifier>{a2270554-32ab-4c16-a4b0-be4f6c4b6e3e}</UniqueIdentifier>
    </Filter>
    <Filter Include="97.Manager\06.Collision">
      <UniqueIdentifier>{c4733146-44d6-4631-b06e-438b7749c4c0}</UniqueIdentifier>
    </Filter>
    <Filter Include="01.GameObject\01.Actor">
      <UniqueIdentifier>{076ceba6-28b6-4ba3-8490-f7037fa6c592}</UniqueIdentifier>
    </Filter>
    <Filter Include="01.GameObject\01.Actor\01.Door">
      <UniqueIdentifier>{0adbd85b-9d00-46ba-9f9b-c0721d038e99}</UniqueIdentifier>
    </Filter>
    <Filter Include="01.GameObject\01.Actor\02.BossDoor">
      <UniqueIdentifier>{a7671ad7-3b4a-4a74-9de2-c2a95ea35e09}</UniqueIdentifier>
    </Filter>
    <Filter Include="01.GameObject\02.Ground">
      <UniqueIdentifier>{ad49bc58-64f6-44fb-b5c4-14592d910a89}</UniqueIdentifier>
    </Filter>
    <Filter Include="04.Effect\00.Player">
      <UniqueIdentifier>{7b0e82b0-aaec-43b8-bdc4-b0dbbf72c51e}</UniqueIdentifier>
    </Filter>
    <Filter Include="04.Effect\00.Player\00.Fire">
      <UniqueIdentifier>{7c6476c1-162d-47cc-b564-776379644f7c}</UniqueIdentifier>
    </Filter>
    <Filter Include="04.Effect\00.Player\01.Dash">
      <UniqueIdentifier>{9b4e9975-9af5-412d-8652-f618c96f1f11}</UniqueIdentifier>
    </Filter>
    <Filter Include="04.Effect\00.Player\02.Charge">
      <UniqueIdentifier>{18014496-dc69-44c1-802a-6a1775523c34}</UniqueIdentifier>
    </Filter>
    <Filter Include="04.Effect\00.Player\03.Wall">
      <UniqueIdentifier>{b4609edd-f629-4d57-8572-2dc247903e10}</UniqueIdentifier>
    </Filter>
    <Filter Include="04.Effect\00.Player\04.WallKick">
      <UniqueIdentifier>{dd440d9a-8e1e-4239-b301-e4585393a719}</UniqueIdentifier>
    </Filter>
    <Filter Include="04.Effect\00.Player\NewFilter1">
      <UniqueIdentifier>{cb6660cb-87f4-4bd1-9863-3f99f40d275d}</UniqueIdentifier>
    </Filter>
    <Filter Include="04.Effect\01.Explosion">
      <UniqueIdentifier>{bf0483f9-0849-4fd4-a9d6-dea3dace8c96}</UniqueIdentifier>
    </Filter>
    <Filter Include="06.UI\02.HUD">
      <UniqueIdentifier>{e716b3ec-c3f3-4b86-b975-e3ae6f63dc36}</UniqueIdentifier>
    </Filter>
    <Filter Include="06.UI\02.HUD\01.BossHPBar">
      <UniqueIdentifier>{015e4eb9-5636-403d-b19f-73d4bb4f4c62}</UniqueIdentifier>
    </Filter>
    <Filter Include="06.UI\02.HUD\00.PlayerHPBar">
      <UniqueIdentifier>{0ea6ad3d-8156-4fa3-b6f3-c3b1fc05d4b2}</UniqueIdentifier>
    </Filter>
  </ItemGroup>
  <ItemGroup>
    <ClInclude Include="Client.h">
      <Filter>99.Defaults</Filter>
    </ClInclude>
    <ClInclude Include="Resource.h">
      <Filter>99.Defaults</Filter>
    </ClInclude>
    <ClInclude Include="targetver.h">
      <Filter>99.Defaults</Filter>
    </ClInclude>
    <ClInclude Include="stdafx.h" />
    <ClInclude Include="AbstractFactory.h">
      <Filter>98.Header</Filter>
    </ClInclude>
    <ClInclude Include="MyBmp.h">
      <Filter>97.Manager\03.BmpManager\00.MyBmp</Filter>
    </ClInclude>
    <ClInclude Include="BmpManager.h">
      <Filter>97.Manager\03.BmpManager</Filter>
    </ClInclude>
    <ClInclude Include="Scene.h">
      <Filter>05.Scene</Filter>
    </ClInclude>
    <ClInclude Include="Title.h">
      <Filter>05.Scene\00.Title</Filter>
    </ClInclude>
    <ClInclude Include="Define.h">
      <Filter>98.Header</Filter>
    </ClInclude>
    <ClInclude Include="Enum.h">
      <Filter>98.Header</Filter>
    </ClInclude>
    <ClInclude Include="Extern.h">
      <Filter>98.Header</Filter>
    </ClInclude>
    <ClInclude Include="Function.h">
      <Filter>98.Header</Filter>
    </ClInclude>
    <ClInclude Include="GameManager.h">
      <Filter>97.Manager\00.GameManager</Filter>
    </ClInclude>
    <ClInclude Include="GameObject.h">
      <Filter>01.GameObject</Filter>
    </ClInclude>
    <ClInclude Include="MainGame.h">
      <Filter>00.MainGame</Filter>
    </ClInclude>
    <ClInclude Include="SceneManager.h">
      <Filter>97.Manager\02.SceneManager</Filter>
    </ClInclude>
    <ClInclude Include="Typedef.h">
      <Filter>98.Header</Filter>
    </ClInclude>
    <ClInclude Include="Struct.h">
      <Filter>98.Header</Filter>
    </ClInclude>
    <ClInclude Include="SoundManager.h">
      <Filter>97.Manager\04.SoundManager</Filter>
    </ClInclude>
    <ClInclude Include="KeyManager.h">
      <Filter>97.Manager\01.KeyManager</Filter>
    </ClInclude>
    <ClInclude Include="Singleton.h">
      <Filter>97.Manager\99.Singleton</Filter>
    </ClInclude>
    <ClInclude Include="MyMenu.h">
      <Filter>05.Scene\01.Menu</Filter>
    </ClInclude>
    <ClInclude Include="Loading.h">
      <Filter>05.Scene\99.Loading</Filter>
    </ClInclude>
    <ClInclude Include="MenuText.h">
      <Filter>06.UI\00.Text\00.MenuText</Filter>
    </ClInclude>
    <ClInclude Include="MenuUnder.h">
      <Filter>06.UI\00.Text\01.MenuUnder</Filter>
    </ClInclude>
    <ClInclude Include="PlayerSelect.h">
      <Filter>05.Scene\02.PlayerSelect</Filter>
    </ClInclude>
    <ClInclude Include="PSText.h">
      <Filter>06.UI\00.Text\02.PSText</Filter>
    </ClInclude>
    <ClInclude Include="PS_X.h">
      <Filter>06.UI\01.IMAGE\00.PS_X</Filter>
    </ClInclude>
    <ClInclude Include="PS_Zero.h">
      <Filter>06.UI\01.IMAGE\01.PS_ZERO</Filter>
    </ClInclude>
    <ClInclude Include="PS_Cursor.h">
      <Filter>06.UI\01.IMAGE\02.PS_Cursor</Filter>
    </ClInclude>
    <ClInclude Include="Lobby.h">
      <Filter>05.Scene\03.Lobby</Filter>
    </ClInclude>
    <ClInclude Include="PS_SmallX.h">
      <Filter>06.UI\01.IMAGE\03.PS_SmallX</Filter>
    </ClInclude>
    <ClInclude Include="LB_X.h">
      <Filter>06.UI\01.IMAGE\04.LB_X</Filter>
    </ClInclude>
    <ClInclude Include="LBText.h">
      <Filter>06.UI\00.Text\03.LBText</Filter>
    </ClInclude>
    <ClInclude Include="Stage1_1.h">
      <Filter>05.Scene\04.Stage1_1</Filter>
    </ClInclude>
    <ClInclude Include="TileManager.h">
      <Filter>97.Manager\05.TileManager</Filter>
    </ClInclude>
    <ClInclude Include="MapObj.h">
      <Filter>01.GameObject\00.MapObj</Filter>
    </ClInclude>
    <ClInclude Include="Player.h">
      <Filter>02.Player</Filter>
    </ClInclude>
    <ClInclude Include="Collision.h">
      <Filter>97.Manager\06.Collision</Filter>
    </ClInclude>
    <ClInclude Include="Actor.h">
      <Filter>01.GameObject\01.Actor</Filter>
    </ClInclude>
    <ClInclude Include="Door.h">
      <Filter>01.GameObject\01.Actor\01.Door</Filter>
    </ClInclude>
    <ClInclude Include="Ground.h">
      <Filter>01.GameObject\02.Ground</Filter>
    </ClInclude>
  </ItemGroup>
  <ItemGroup>
    <ClCompile Include="stdafx.cpp">
      <Filter>99.Defaults</Filter>
    </ClCompile>
    <ClCompile Include="Client.cpp" />
    <ClCompile Include="MyBmp.cpp">
      <Filter>97.Manager\03.BmpManager\00.MyBmp</Filter>
    </ClCompile>
    <ClCompile Include="BmpManager.cpp">
      <Filter>97.Manager\03.BmpManager</Filter>
    </ClCompile>
    <ClCompile Include="Scene.cpp">
      <Filter>05.Scene</Filter>
    </ClCompile>
    <ClCompile Include="Title.cpp">
      <Filter>05.Scene\00.Title</Filter>
    </ClCompile>
    <ClCompile Include="GameManager.cpp">
      <Filter>97.Manager\00.GameManager</Filter>
    </ClCompile>
    <ClCompile Include="GameObject.cpp">
      <Filter>01.GameObject</Filter>
    </ClCompile>
    <ClCompile Include="MainGame.cpp">
      <Filter>00.MainGame</Filter>
    </ClCompile>
    <ClCompile Include="SceneManager.cpp">
      <Filter>97.Manager\02.SceneManager</Filter>
    </ClCompile>
    <ClCompile Include="SoundManager.cpp">
      <Filter>97.Manager\04.SoundManager</Filter>
    </ClCompile>
    <ClCompile Include="KeyManager.cpp">
      <Filter>97.Manager\01.KeyManager</Filter>
    </ClCompile>
    <ClCompile Include="MyMenu.cpp">
      <Filter>05.Scene\01.Menu</Filter>
    </ClCompile>
    <ClCompile Include="Loading.cpp">
      <Filter>05.Scene\99.Loading</Filter>
    </ClCompile>
    <ClCompile Include="MenuText.cpp">
      <Filter>06.UI\00.Text\00.MenuText</Filter>
    </ClCompile>
    <ClCompile Include="MenuUnder.cpp">
      <Filter>06.UI\00.Text\01.MenuUnder</Filter>
    </ClCompile>
    <ClCompile Include="PlayerSelect.cpp">
      <Filter>05.Scene\02.PlayerSelect</Filter>
    </ClCompile>
    <ClCompile Include="PSText.cpp">
      <Filter>06.UI\00.Text\02.PSText</Filter>
    </ClCompile>
    <ClCompile Include="PS_X.cpp">
      <Filter>06.UI\01.IMAGE\00.PS_X</Filter>
    </ClCompile>
    <ClCompile Include="PS_Zero.cpp">
      <Filter>06.UI\01.IMAGE\01.PS_ZERO</Filter>
    </ClCompile>
    <ClCompile Include="PS_Cursor.cpp">
      <Filter>06.UI\01.IMAGE\02.PS_Cursor</Filter>
    </ClCompile>
    <ClCompile Include="Lobby.cpp">
      <Filter>05.Scene\03.Lobby</Filter>
    </ClCompile>
    <ClCompile Include="PS_SmallX.cpp">
      <Filter>06.UI\01.IMAGE\03.PS_SmallX</Filter>
    </ClCompile>
    <ClCompile Include="LB_X.cpp">
      <Filter>06.UI\01.IMAGE\04.LB_X</Filter>
    </ClCompile>
    <ClCompile Include="LBText.cpp">
      <Filter>06.UI\00.Text\03.LBText</Filter>
    </ClCompile>
    <ClCompile Include="Stage1_1.cpp">
      <Filter>05.Scene\04.Stage1_1</Filter>
    </ClCompile>
    <ClCompile Include="TileManager.cpp">
      <Filter>97.Manager\05.TileManager</Filter>
    </ClCompile>
    <ClCompile Include="MapObj.cpp">
      <Filter>01.GameObject\00.MapObj</Filter>
    </ClCompile>
    <ClCompile Include="Player.cpp">
      <Filter>02.Player</Filter>
    </ClCompile>
    <ClCompile Include="Collision.cpp">
      <Filter>97.Manager\06.Collision</Filter>
    </ClCompile>
    <ClCompile Include="Actor.cpp">
      <Filter>01.GameObject\01.Actor</Filter>
    </ClCompile>
    <ClCompile Include="Door.cpp">
      <Filter>01.GameObject\01.Actor\01.Door</Filter>
    </ClCompile>
    <ClCompile Include="Ground.cpp">
      <Filter>01.GameObject\02.Ground</Filter>
    </ClCompile>
  </ItemGroup>
  <ItemGroup>
    <ResourceCompile Include="Client.rc">
      <Filter>99.Defaults\리소스 파일</Filter>
    </ResourceCompile>
  </ItemGroup>
  <ItemGroup>
    <Image Include="small.ico">
      <Filter>99.Defaults\리소스 파일</Filter>
    </Image>
    <Image Include="Client.ico">
      <Filter>99.Defaults\리소스 파일</Filter>
    </Image>
  </ItemGroup>
</Project>